
Microsoft Visual Studio Solution File, Format Version 12.00
# Visual Studio Version 16
VisualStudioVersion = 16.0.31005.135
MinimumVisualStudioVersion = 10.0.40219.1
Project("{FAE04EC0-301F-11D3-BF4B-00C04F79EFBC}") = "login", "WindowsFormsApp1\login.csproj", "{1E7AE000-0CF1-4418-85A6-8D452C43D132}"
EndProject
Global
	GlobalSection(SolutionConfigurationPlatforms) = preSolution
		Debug|Any CPU = Debug|Any CPU
		Release|Any CPU = Release|Any CPU
	EndGlobalSection
	GlobalSection(ProjectConfigurationPlatforms) = postSolution
		{1E7AE000-0CF1-4418-85A6-8D452C43D132}.Debug|Any CPU.ActiveCfg = Debug|Any CPU
		{1E7AE000-0CF1-4418-85A6-8D452C43D132}.Debug|Any CPU.Build.0 = Debug|Any CPU
		{1E7AE000-0CF1-4418-85A6-8D452C43D132}.Release|Any CPU.ActiveCfg = Release|Any CPU
		{1E7AE000-0CF1-4418-85A6-8D452C43D132}.Release|Any CPU.Build.0 = Release|Any CPU
	EndGlobalSection
	GlobalSection(SolutionProperties) = preSolution
		HideSolutionNode = FALSE
	EndGlobalSection
	GlobalSection(ExtensibilityGlobals) = postSolution
		SolutionGuid = {79FB12B9-8284-4E8F-8A0B-6DBC4F999F4F}
	EndGlobalSection
EndGlobal
