
Microsoft Visual Studio Solution File, Format Version 12.00
# Visual Studio Version 16
VisualStudioVersion = 16.0.31005.135
MinimumVisualStudioVersion = 10.0.40219.1
Project("{FAE04EC0-301F-11D3-BF4B-00C04F79EFBC}") = "PersonalInfo", "PersonalInfo.csproj", "{2AC2CA55-8EF6-4E1F-A73F-DBE60081684A}"
EndProject
Global
	GlobalSection(SolutionConfigurationPlatforms) = preSolution
		Debug|Any CPU = Debug|Any CPU
		Release|Any CPU = Release|Any CPU
	EndGlobalSection
	GlobalSection(ProjectConfigurationPlatforms) = postSolution
		{2AC2CA55-8EF6-4E1F-A73F-DBE60081684A}.Debug|Any CPU.ActiveCfg = Debug|Any CPU
		{2AC2CA55-8EF6-4E1F-A73F-DBE60081684A}.Debug|Any CPU.Build.0 = Debug|Any CPU
		{2AC2CA55-8EF6-4E1F-A73F-DBE60081684A}.Release|Any CPU.ActiveCfg = Release|Any CPU
		{2AC2CA55-8EF6-4E1F-A73F-DBE60081684A}.Release|Any CPU.Build.0 = Release|Any CPU
	EndGlobalSection
	GlobalSection(SolutionProperties) = preSolution
		HideSolutionNode = FALSE
	EndGlobalSection
	GlobalSection(ExtensibilityGlobals) = postSolution
		SolutionGuid = {5A2E4275-B21A-44DE-9B83-C9EEF140897F}
	EndGlobalSection
EndGlobal
